
Microsoft Visual Studio Solution File, Format Version 12.00
# Visual Studio 2013
VisualStudioVersion = 12.0.21005.1
MinimumVisualStudioVersion = 10.0.40219.1
Project("{FAE04EC0-301F-11D3-BF4B-00C04F79EFBC}") = "HomeworkModulo2", "HomeworkModulo2\HomeworkModulo2.csproj", "{38F7926D-C59C-408E-82E6-3C96AFE7C772}"
EndProject
Project("{FAE04EC0-301F-11D3-BF4B-00C04F79EFBC}") = "FactoryMethod", "FactoryMethod\FactoryMethod.csproj", "{F52722EB-04C0-40FB-9E65-0818ADD0B4F8}"
EndProject
Global
	GlobalSection(SolutionConfigurationPlatforms) = preSolution
		Debug|Any CPU = Debug|Any CPU
		Release|Any CPU = Release|Any CPU
	EndGlobalSection
	GlobalSection(ProjectConfigurationPlatforms) = postSolution
		{38F7926D-C59C-408E-82E6-3C96AFE7C772}.Debug|Any CPU.ActiveCfg = Debug|Any CPU
		{38F7926D-C59C-408E-82E6-3C96AFE7C772}.Debug|Any CPU.Build.0 = Debug|Any CPU
		{38F7926D-C59C-408E-82E6-3C96AFE7C772}.Release|Any CPU.ActiveCfg = Release|Any CPU
		{38F7926D-C59C-408E-82E6-3C96AFE7C772}.Release|Any CPU.Build.0 = Release|Any CPU
		{F52722EB-04C0-40FB-9E65-0818ADD0B4F8}.Debug|Any CPU.ActiveCfg = Debug|Any CPU
		{F52722EB-04C0-40FB-9E65-0818ADD0B4F8}.Debug|Any CPU.Build.0 = Debug|Any CPU
		{F52722EB-04C0-40FB-9E65-0818ADD0B4F8}.Release|Any CPU.ActiveCfg = Release|Any CPU
		{F52722EB-04C0-40FB-9E65-0818ADD0B4F8}.Release|Any CPU.Build.0 = Release|Any CPU
	EndGlobalSection
	GlobalSection(SolutionProperties) = preSolution
		HideSolutionNode = FALSE
	EndGlobalSection
EndGlobal
